
Microsoft Visual Studio Solution File, Format Version 12.00
# Visual Studio 15
VisualStudioVersion = 15.0.28307.2092
MinimumVisualStudioVersion = 10.0.40219.1
Project("{FAE04EC0-301F-11D3-BF4B-00C04F79EFBC}") = "CustomSkins", "CustomSkins\CustomSkins.csproj", "{B2BA57F8-753D-43F2-9AED-BFBE8EA4489A}"
EndProject
Global
	GlobalSection(SolutionConfigurationPlatforms) = preSolution
		Debug|Any CPU = Debug|Any CPU
		Release|Any CPU = Release|Any CPU
	EndGlobalSection
	GlobalSection(ProjectConfigurationPlatforms) = postSolution
		{B2BA57F8-753D-43F2-9AED-BFBE8EA4489A}.Debug|Any CPU.ActiveCfg = Debug|Any CPU
		{B2BA57F8-753D-43F2-9AED-BFBE8EA4489A}.Debug|Any CPU.Build.0 = Debug|Any CPU
		{B2BA57F8-753D-43F2-9AED-BFBE8EA4489A}.Release|Any CPU.ActiveCfg = Release|Any CPU
		{B2BA57F8-753D-43F2-9AED-BFBE8EA4489A}.Release|Any CPU.Build.0 = Release|Any CPU
	EndGlobalSection
	GlobalSection(SolutionProperties) = preSolution
		HideSolutionNode = FALSE
	EndGlobalSection
	GlobalSection(ExtensibilityGlobals) = postSolution
		SolutionGuid = {A098E0E4-A4AD-4CF5-AF57-AA3F2579DC8F}
	EndGlobalSection
EndGlobal
